
Microsoft Visual Studio Solution File, Format Version 12.00
# Visual Studio 2010
Project("{FAE04EC0-301F-11D3-BF4B-00C04F79EFBC}") = "Conference.Specflow", "Conference.Specflow\Conference.Specflow.csproj", "{D45A0C04-344A-48F0-98F6-6D27755AA78F}"
EndProject
Project("{2150E333-8FDC-42A3-9474-1A3956D46DE8}") = "ConferenceApp", "ConferenceApp", "{4D1BC313-9BFE-440E-9734-65651AF5E218}"
EndProject
Project("{FAE04EC0-301F-11D3-BF4B-00C04F79EFBC}") = "Conference.Web.Public", "..\Conference\Conference.Web.Public\Conference.Web.Public.csproj", "{32E3E4D7-D887-4BE1-A84F-130BF80533D0}"
EndProject
Project("{FAE04EC0-301F-11D3-BF4B-00C04F79EFBC}") = "Registration", "..\Conference\Registration\Registration.csproj", "{D93CC146-0A5B-4367-B356-CB0FC4B65E2B}"
EndProject
Project("{FAE04EC0-301F-11D3-BF4B-00C04F79EFBC}") = "Common", "..\Conference\Common\Common.csproj", "{B5786D07-5888-4DF5-B295-3FEA593F3BFE}"
EndProject
Project("{FAE04EC0-301F-11D3-BF4B-00C04F79EFBC}") = "Azure.Common", "..\Conference\Azure\Azure.Common\Azure.Common.csproj", "{56A53790-2571-4EA6-8742-2FA00E893B21}"
EndProject
Project("{FAE04EC0-301F-11D3-BF4B-00C04F79EFBC}") = "Conference", "..\Conference\Conference\Conference.csproj", "{DACB93E1-1015-4D08-ABF5-D41C74F526DC}"
EndProject
Project("{FAE04EC0-301F-11D3-BF4B-00C04F79EFBC}") = "Common.Sql", "..\Conference\Common.Sql\Common.Sql.csproj", "{F038F286-5AEF-4341-83EC-9F72F42D06D6}"
EndProject
Global
	GlobalSection(TestCaseManagementSettings) = postSolution
		CategoryFile = Conference.Specflow.vsmdi
	EndGlobalSection
	GlobalSection(SolutionConfigurationPlatforms) = preSolution
		Debug|Any CPU = Debug|Any CPU
		Release|Any CPU = Release|Any CPU
	EndGlobalSection
	GlobalSection(ProjectConfigurationPlatforms) = postSolution
		{D45A0C04-344A-48F0-98F6-6D27755AA78F}.Debug|Any CPU.ActiveCfg = Debug|Any CPU
		{D45A0C04-344A-48F0-98F6-6D27755AA78F}.Debug|Any CPU.Build.0 = Debug|Any CPU
		{D45A0C04-344A-48F0-98F6-6D27755AA78F}.Release|Any CPU.ActiveCfg = Release|Any CPU
		{D45A0C04-344A-48F0-98F6-6D27755AA78F}.Release|Any CPU.Build.0 = Release|Any CPU
		{32E3E4D7-D887-4BE1-A84F-130BF80533D0}.Debug|Any CPU.ActiveCfg = Debug|Any CPU
		{32E3E4D7-D887-4BE1-A84F-130BF80533D0}.Debug|Any CPU.Build.0 = Debug|Any CPU
		{32E3E4D7-D887-4BE1-A84F-130BF80533D0}.Release|Any CPU.ActiveCfg = Release|Any CPU
		{32E3E4D7-D887-4BE1-A84F-130BF80533D0}.Release|Any CPU.Build.0 = Release|Any CPU
		{D93CC146-0A5B-4367-B356-CB0FC4B65E2B}.Debug|Any CPU.ActiveCfg = Debug|Any CPU
		{D93CC146-0A5B-4367-B356-CB0FC4B65E2B}.Debug|Any CPU.Build.0 = Debug|Any CPU
		{D93CC146-0A5B-4367-B356-CB0FC4B65E2B}.Release|Any CPU.ActiveCfg = Release|Any CPU
		{D93CC146-0A5B-4367-B356-CB0FC4B65E2B}.Release|Any CPU.Build.0 = Release|Any CPU
		{B5786D07-5888-4DF5-B295-3FEA593F3BFE}.Debug|Any CPU.ActiveCfg = Debug|Any CPU
		{B5786D07-5888-4DF5-B295-3FEA593F3BFE}.Debug|Any CPU.Build.0 = Debug|Any CPU
		{B5786D07-5888-4DF5-B295-3FEA593F3BFE}.Release|Any CPU.ActiveCfg = Release|Any CPU
		{B5786D07-5888-4DF5-B295-3FEA593F3BFE}.Release|Any CPU.Build.0 = Release|Any CPU
		{56A53790-2571-4EA6-8742-2FA00E893B21}.Debug|Any CPU.ActiveCfg = Debug|Any CPU
		{56A53790-2571-4EA6-8742-2FA00E893B21}.Debug|Any CPU.Build.0 = Debug|Any CPU
		{56A53790-2571-4EA6-8742-2FA00E893B21}.Release|Any CPU.ActiveCfg = Release|Any CPU
		{56A53790-2571-4EA6-8742-2FA00E893B21}.Release|Any CPU.Build.0 = Release|Any CPU
		{DACB93E1-1015-4D08-ABF5-D41C74F526DC}.Debug|Any CPU.ActiveCfg = Debug|Any CPU
		{DACB93E1-1015-4D08-ABF5-D41C74F526DC}.Debug|Any CPU.Build.0 = Debug|Any CPU
		{DACB93E1-1015-4D08-ABF5-D41C74F526DC}.Release|Any CPU.ActiveCfg = Release|Any CPU
		{DACB93E1-1015-4D08-ABF5-D41C74F526DC}.Release|Any CPU.Build.0 = Release|Any CPU
		{F038F286-5AEF-4341-83EC-9F72F42D06D6}.Debug|Any CPU.ActiveCfg = Debug|Any CPU
		{F038F286-5AEF-4341-83EC-9F72F42D06D6}.Debug|Any CPU.Build.0 = Debug|Any CPU
		{F038F286-5AEF-4341-83EC-9F72F42D06D6}.Release|Any CPU.ActiveCfg = Release|Any CPU
		{F038F286-5AEF-4341-83EC-9F72F42D06D6}.Release|Any CPU.Build.0 = Release|Any CPU
	EndGlobalSection
	GlobalSection(SolutionProperties) = preSolution
		HideSolutionNode = FALSE
	EndGlobalSection
	GlobalSection(NestedProjects) = preSolution
		{32E3E4D7-D887-4BE1-A84F-130BF80533D0} = {4D1BC313-9BFE-440E-9734-65651AF5E218}
		{D93CC146-0A5B-4367-B356-CB0FC4B65E2B} = {4D1BC313-9BFE-440E-9734-65651AF5E218}
		{B5786D07-5888-4DF5-B295-3FEA593F3BFE} = {4D1BC313-9BFE-440E-9734-65651AF5E218}
		{56A53790-2571-4EA6-8742-2FA00E893B21} = {4D1BC313-9BFE-440E-9734-65651AF5E218}
		{DACB93E1-1015-4D08-ABF5-D41C74F526DC} = {4D1BC313-9BFE-440E-9734-65651AF5E218}
		{F038F286-5AEF-4341-83EC-9F72F42D06D6} = {4D1BC313-9BFE-440E-9734-65651AF5E218}
	EndGlobalSection
EndGlobal
